
Microsoft Visual Studio Solution File, Format Version 12.00
# Visual Studio Version 17
VisualStudioVersion = 17.9.34723.18
MinimumVisualStudioVersion = 10.0.40219.1
Project("{FAE04EC0-301F-11D3-BF4B-00C04F79EFBC}") = "ProductList", "ProductList\ProductList.csproj", "{372C7B3C-7997-4A92-B850-8A134305CA5C}"
EndProject
Global
	GlobalSection(SolutionConfigurationPlatforms) = preSolution
		Debug|Any CPU = Debug|Any CPU
		Release|Any CPU = Release|Any CPU
	EndGlobalSection
	GlobalSection(ProjectConfigurationPlatforms) = postSolution
		{372C7B3C-7997-4A92-B850-8A134305CA5C}.Debug|Any CPU.ActiveCfg = Debug|Any CPU
		{372C7B3C-7997-4A92-B850-8A134305CA5C}.Debug|Any CPU.Build.0 = Debug|Any CPU
		{372C7B3C-7997-4A92-B850-8A134305CA5C}.Release|Any CPU.ActiveCfg = Release|Any CPU
		{372C7B3C-7997-4A92-B850-8A134305CA5C}.Release|Any CPU.Build.0 = Release|Any CPU
	EndGlobalSection
	GlobalSection(SolutionProperties) = preSolution
		HideSolutionNode = FALSE
	EndGlobalSection
	GlobalSection(ExtensibilityGlobals) = postSolution
		SolutionGuid = {B6914E35-CD33-4552-B042-48DF3BA078EF}
	EndGlobalSection
EndGlobal
