
Microsoft Visual Studio Solution File, Format Version 12.00
# Visual Studio Version 17
VisualStudioVersion = 17.9.34723.18
MinimumVisualStudioVersion = 10.0.40219.1
Project("{FAE04EC0-301F-11D3-BF4B-00C04F79EFBC}") = "MvcProject", "MvcProject\MvcProject.csproj", "{E80680F3-B37C-4A48-85E6-3545D9D2B749}"
EndProject
Global
	GlobalSection(SolutionConfigurationPlatforms) = preSolution
		Debug|Any CPU = Debug|Any CPU
		Release|Any CPU = Release|Any CPU
	EndGlobalSection
	GlobalSection(ProjectConfigurationPlatforms) = postSolution
		{E80680F3-B37C-4A48-85E6-3545D9D2B749}.Debug|Any CPU.ActiveCfg = Debug|Any CPU
		{E80680F3-B37C-4A48-85E6-3545D9D2B749}.Debug|Any CPU.Build.0 = Debug|Any CPU
		{E80680F3-B37C-4A48-85E6-3545D9D2B749}.Release|Any CPU.ActiveCfg = Release|Any CPU
		{E80680F3-B37C-4A48-85E6-3545D9D2B749}.Release|Any CPU.Build.0 = Release|Any CPU
	EndGlobalSection
	GlobalSection(SolutionProperties) = preSolution
		HideSolutionNode = FALSE
	EndGlobalSection
	GlobalSection(ExtensibilityGlobals) = postSolution
		SolutionGuid = {86972DF1-1768-439A-B575-AECBDAA4BAA1}
	EndGlobalSection
EndGlobal
